<?xml version="1.0" encoding="utf-8"?>
<Project ToolsVersion="12.0" xmlns="http://schemas.microsoft.com/developer/msbuild/2003">
  <ItemGroup>
    <Filter Include="Source">
      <UniqueIdentifier>{74d5eada-2d2d-41f0-8600-9d46de1bdec1}</UniqueIdentifier>
    </Filter>
    <Filter Include="Header">
      <UniqueIdentifier>{d203978b-db08-48ec-ba4e-f99248cb402e}</UniqueIdentifier>
    </Filter>
  </ItemGroup>
  <ItemGroup>
    <ClCompile Include="vsh_hook.cpp">
      <Filter>Source</Filter>
    </ClCompile>
    <ClCompile Include="vsh_addresses.cpp">
      <Filter>Source</Filter>
    </ClCompile>
  </ItemGroup>
  <ItemGroup>
    <ClInclude Include="vsh_hook.h">
      <Filter>Header</Filter>
    </ClInclude>
    <ClInclude Include="vsh_addresses.h">
      <Filter>Header</Filter>
    </ClInclude>
  </ItemGroup>
</Project>